
Microsoft Visual Studio Solution File, Format Version 12.00
# Visual Studio 15
VisualStudioVersion = 15.0.28010.2046
MinimumVisualStudioVersion = 10.0.40219.1
Project("{F184B08F-C81C-45F6-A57F-5ABD9991F28F}") = "AppDB", "AppDB\AppDB.vbproj", "{09BD31F1-9987-44CA-B4A6-8A66EEFE2776}"
EndProject
Global
	GlobalSection(SolutionConfigurationPlatforms) = preSolution
		Debug|Any CPU = Debug|Any CPU
		Release|Any CPU = Release|Any CPU
	EndGlobalSection
	GlobalSection(ProjectConfigurationPlatforms) = postSolution
		{09BD31F1-9987-44CA-B4A6-8A66EEFE2776}.Debug|Any CPU.ActiveCfg = Debug|Any CPU
		{09BD31F1-9987-44CA-B4A6-8A66EEFE2776}.Debug|Any CPU.Build.0 = Debug|Any CPU
		{09BD31F1-9987-44CA-B4A6-8A66EEFE2776}.Release|Any CPU.ActiveCfg = Release|Any CPU
		{09BD31F1-9987-44CA-B4A6-8A66EEFE2776}.Release|Any CPU.Build.0 = Release|Any CPU
	EndGlobalSection
	GlobalSection(SolutionProperties) = preSolution
		HideSolutionNode = FALSE
	EndGlobalSection
	GlobalSection(ExtensibilityGlobals) = postSolution
		SolutionGuid = {47BB561E-7885-4492-9F50-E3E4AD83AA32}
	EndGlobalSection
EndGlobal
